<?xml version="1.0" encoding="utf-8"?>
<Project ToolsVersion="4.0" xmlns="http://schemas.microsoft.com/developer/msbuild/2003">
  <ItemGroup>
    <Filter Include="소스 파일">
      <UniqueIdentifier>{4FC737F1-C7A5-4376-A066-2A32D752A2FF}</UniqueIdentifier>
      <Extensions>cpp;c;cc;cxx;def;odl;idl;hpj;bat;asm;asmx</Extensions>
    </Filter>
    <Filter Include="헤더 파일">
      <UniqueIdentifier>{93995380-89BD-4b04-88EB-625FBE52EBFB}</UniqueIdentifier>
      <Extensions>h;hh;hpp;hxx;hm;inl;inc;ipp;xsd</Extensions>
    </Filter>
    <Filter Include="리소스 파일">
      <UniqueIdentifier>{67DA6AB6-F800-4c08-8B7A-83BB121AAD01}</UniqueIdentifier>
      <Extensions>rc;ico;cur;bmp;dlg;rc2;rct;bin;rgs;gif;jpg;jpeg;jpe;resx;tiff;tif;png;wav;mfcribbon-ms</Extensions>
    </Filter>
    <Filter Include="헤더 파일\msc">
      <UniqueIdentifier>{10614d40-fcf8-400f-a306-bdc56fd318a7}</UniqueIdentifier>
    </Filter>
    <Filter Include="소스 파일\msc">
      <UniqueIdentifier>{c4b64482-a525-4f12-9105-c4f6ec51c436}</UniqueIdentifier>
    </Filter>
    <Filter Include="헤더 파일\msc\component">
      <UniqueIdentifier>{d7194ffa-044f-4b1b-8a79-14e6778e769a}</UniqueIdentifier>
    </Filter>
    <Filter Include="소스 파일\msc\component">
      <UniqueIdentifier>{02c60e4f-a402-4993-abba-fb3c8f9a79b5}</UniqueIdentifier>
    </Filter>
    <Filter Include="헤더 파일\msc\Tool">
      <UniqueIdentifier>{13d44cf1-279e-4e21-84f9-572ca89d5a8b}</UniqueIdentifier>
    </Filter>
    <Filter Include="헤더 파일\msc\component\NewScript">
      <UniqueIdentifier>{5a5ccb90-ca01-43ee-98a5-a36f22f55601}</UniqueIdentifier>
    </Filter>
  </ItemGroup>
  <ItemGroup>
    <ClInclude Include="targetver.h">
      <Filter>헤더 파일</Filter>
    </ClInclude>
    <ClInclude Include="Resource.h">
      <Filter>헤더 파일</Filter>
    </ClInclude>
    <ClInclude Include="LabProject02-01.h">
      <Filter>헤더 파일</Filter>
    </ClInclude>
    <ClInclude Include="Camera.h">
      <Filter>헤더 파일</Filter>
    </ClInclude>
    <ClInclude Include="GameFramework.h">
      <Filter>헤더 파일</Filter>
    </ClInclude>
    <ClInclude Include="GameObject.h">
      <Filter>헤더 파일</Filter>
    </ClInclude>
    <ClInclude Include="GraphicsPipeline.h">
      <Filter>헤더 파일</Filter>
    </ClInclude>
    <ClInclude Include="Mesh.h">
      <Filter>헤더 파일</Filter>
    </ClInclude>
    <ClInclude Include="Player.h">
      <Filter>헤더 파일</Filter>
    </ClInclude>
    <ClInclude Include="Scene.h">
      <Filter>헤더 파일</Filter>
    </ClInclude>
    <ClInclude Include="stdafx.h">
      <Filter>헤더 파일</Filter>
    </ClInclude>
    <ClInclude Include="Timer.h">
      <Filter>헤더 파일</Filter>
    </ClInclude>
    <ClInclude Include="msc_Component.h">
      <Filter>헤더 파일\msc</Filter>
    </ClInclude>
    <ClInclude Include="msc_GameObject.h">
      <Filter>헤더 파일\msc</Filter>
    </ClInclude>
    <ClInclude Include="msc_Transform.h">
      <Filter>헤더 파일\msc\component</Filter>
    </ClInclude>
    <ClInclude Include="msc_Camera.h">
      <Filter>헤더 파일\msc\component</Filter>
    </ClInclude>
    <ClInclude Include="msc_Mesh.h">
      <Filter>헤더 파일\msc\component</Filter>
    </ClInclude>
    <ClInclude Include="msc_Collider.h">
      <Filter>헤더 파일\msc\component</Filter>
    </ClInclude>
    <ClInclude Include="msc_RigidBody.h">
      <Filter>헤더 파일\msc\component</Filter>
    </ClInclude>
    <ClInclude Include="Quaternion.h">
      <Filter>헤더 파일\msc\Tool</Filter>
    </ClInclude>
    <ClInclude Include="msc_GameManager.h">
      <Filter>헤더 파일\msc\component\NewScript</Filter>
    </ClInclude>
  </ItemGroup>
  <ItemGroup>
    <ClCompile Include="LabProject02-01.cpp">
      <Filter>소스 파일</Filter>
    </ClCompile>
    <ClCompile Include="Camera.cpp">
      <Filter>소스 파일</Filter>
    </ClCompile>
    <ClCompile Include="GameFramework.cpp">
      <Filter>소스 파일</Filter>
    </ClCompile>
    <ClCompile Include="GameObject.cpp">
      <Filter>소스 파일</Filter>
    </ClCompile>
    <ClCompile Include="GraphicsPipeline.cpp">
      <Filter>소스 파일</Filter>
    </ClCompile>
    <ClCompile Include="Mesh.cpp">
      <Filter>소스 파일</Filter>
    </ClCompile>
    <ClCompile Include="Player.cpp">
      <Filter>소스 파일</Filter>
    </ClCompile>
    <ClCompile Include="Scene.cpp">
      <Filter>소스 파일</Filter>
    </ClCompile>
    <ClCompile Include="stdafx.cpp">
      <Filter>소스 파일</Filter>
    </ClCompile>
    <ClCompile Include="Timer.cpp">
      <Filter>소스 파일</Filter>
    </ClCompile>
    <ClCompile Include="msc_GameObject.cpp">
      <Filter>소스 파일\msc</Filter>
    </ClCompile>
    <ClCompile Include="msc_Component.cpp">
      <Filter>소스 파일\msc</Filter>
    </ClCompile>
    <ClCompile Include="msc_Transform.cpp">
      <Filter>소스 파일\msc\component</Filter>
    </ClCompile>
    <ClCompile Include="msc_Mesh.cpp">
      <Filter>소스 파일\msc\component</Filter>
    </ClCompile>
    <ClCompile Include="msc_Camera.cpp">
      <Filter>소스 파일\msc\component</Filter>
    </ClCompile>
  </ItemGroup>
  <ItemGroup>
    <ResourceCompile Include="LabProject02-01.rc">
      <Filter>리소스 파일</Filter>
    </ResourceCompile>
  </ItemGroup>
  <ItemGroup>
    <Image Include="small.ico">
      <Filter>리소스 파일</Filter>
    </Image>
    <Image Include="LabProject02-01.ico">
      <Filter>리소스 파일</Filter>
    </Image>
  </ItemGroup>
</Project>